<?xml version="1.0" encoding="utf-8"?>
<Project ToolsVersion="16.0" xmlns="http://schemas.microsoft.com/developer/msbuild/2003">
  <ItemGroup>
    <ClCompile Include="C:\Users\Oleg\Desktop\mp2-lab5-text\samples\sample_text.cpp">
      <Filter>Source Files</Filter>
    </ClCompile>
  </ItemGroup>
  <ItemGroup>
    <CustomBuild Include="C:\Users\Oleg\Desktop\mp2-lab5-text\samples\CMakeLists.txt" />
  </ItemGroup>
  <ItemGroup>
    <Filter Include="Source Files">
      <UniqueIdentifier>{8890ECCA-440F-3D2C-AB7A-EC82B21AA681}</UniqueIdentifier>
    </Filter>
  </ItemGroup>
</Project>
