Microsoft Visual Studio Solution File, Format Version 12.00
# Visual Studio 16
Project("{8BC9CEB8-8B4A-11D0-8D11-00A0C91BC942}") = "ALL_BUILD", "ALL_BUILD.vcxproj", "{B8E2F8B5-183F-3C8D-AF78-9266F6F2DC96}"
	ProjectSection(ProjectDependencies) = postProject
		{A97DC554-632B-3341-9447-438297318C11} = {A97DC554-632B-3341-9447-438297318C11}
		{AFCDA552-987F-3618-B800-03B0674601A4} = {AFCDA552-987F-3618-B800-03B0674601A4}
		{FDDDD31D-83A6-36FB-8433-E71EB87002B1} = {FDDDD31D-83A6-36FB-8433-E71EB87002B1}
	EndProjectSection
EndProject
Project("{8BC9CEB8-8B4A-11D0-8D11-00A0C91BC942}") = "ZERO_CHECK", "ZERO_CHECK.vcxproj", "{A97DC554-632B-3341-9447-438297318C11}"
	ProjectSection(ProjectDependencies) = postProject
	EndProjectSection
EndProject
Project("{8BC9CEB8-8B4A-11D0-8D11-00A0C91BC942}") = "sample_text", "samples\sample_text.vcxproj", "{AFCDA552-987F-3618-B800-03B0674601A4}"
	ProjectSection(ProjectDependencies) = postProject
		{A97DC554-632B-3341-9447-438297318C11} = {A97DC554-632B-3341-9447-438297318C11}
		{FDDDD31D-83A6-36FB-8433-E71EB87002B1} = {FDDDD31D-83A6-36FB-8433-E71EB87002B1}
	EndProjectSection
EndProject
Project("{8BC9CEB8-8B4A-11D0-8D11-00A0C91BC942}") = "text", "src\text.vcxproj", "{FDDDD31D-83A6-36FB-8433-E71EB87002B1}"
	ProjectSection(ProjectDependencies) = postProject
		{A97DC554-632B-3341-9447-438297318C11} = {A97DC554-632B-3341-9447-438297318C11}
	EndProjectSection
EndProject
Global
	GlobalSection(SolutionConfigurationPlatforms) = preSolution
		Debug|x64 = Debug|x64
		Release|x64 = Release|x64
	EndGlobalSection
	GlobalSection(ProjectConfigurationPlatforms) = postSolution
		{B8E2F8B5-183F-3C8D-AF78-9266F6F2DC96}.Debug|x64.ActiveCfg = Debug|x64
		{B8E2F8B5-183F-3C8D-AF78-9266F6F2DC96}.Release|x64.ActiveCfg = Release|x64
		{A97DC554-632B-3341-9447-438297318C11}.Debug|x64.ActiveCfg = Debug|x64
		{A97DC554-632B-3341-9447-438297318C11}.Debug|x64.Build.0 = Debug|x64
		{A97DC554-632B-3341-9447-438297318C11}.Release|x64.ActiveCfg = Release|x64
		{A97DC554-632B-3341-9447-438297318C11}.Release|x64.Build.0 = Release|x64
		{AFCDA552-987F-3618-B800-03B0674601A4}.Debug|x64.ActiveCfg = Debug|x64
		{AFCDA552-987F-3618-B800-03B0674601A4}.Debug|x64.Build.0 = Debug|x64
		{AFCDA552-987F-3618-B800-03B0674601A4}.Release|x64.ActiveCfg = Release|x64
		{AFCDA552-987F-3618-B800-03B0674601A4}.Release|x64.Build.0 = Release|x64
		{FDDDD31D-83A6-36FB-8433-E71EB87002B1}.Debug|x64.ActiveCfg = Debug|x64
		{FDDDD31D-83A6-36FB-8433-E71EB87002B1}.Debug|x64.Build.0 = Debug|x64
		{FDDDD31D-83A6-36FB-8433-E71EB87002B1}.Release|x64.ActiveCfg = Release|x64
		{FDDDD31D-83A6-36FB-8433-E71EB87002B1}.Release|x64.Build.0 = Release|x64
	EndGlobalSection
	GlobalSection(ExtensibilityGlobals) = postSolution
		SolutionGuid = {64A83214-BFE7-3870-A5A3-CCF3C3F99668}
	EndGlobalSection
	GlobalSection(ExtensibilityAddIns) = postSolution
	EndGlobalSection
EndGlobal
